
Microsoft Visual Studio Solution File, Format Version 12.00
# Visual Studio Version 16
VisualStudioVersion = 16.0.30907.101
MinimumVisualStudioVersion = 10.0.40219.1
Project("{9A19103F-16F7-4668-BE54-9A1E7A4F7556}") = "ArtwareWebApp", "ArtwareWebApp.csproj", "{8EA95C18-8E99-4314-AC3B-5BF065A4428A}"
EndProject
Project("{9A19103F-16F7-4668-BE54-9A1E7A4F7556}") = "Artware.Models", "..\Artware.Models\Artware.Models.csproj", "{B0D04B2C-88E7-4990-9694-CC4ADABC11B3}"
EndProject
Project("{9A19103F-16F7-4668-BE54-9A1E7A4F7556}") = "Artware.BLL", "..\Artware.BLL\Artware.BLL.csproj", "{FD015346-2CEA-419B-9DB4-48D2B9F6A9F8}"
EndProject
Project("{9A19103F-16F7-4668-BE54-9A1E7A4F7556}") = "Artware.DAL", "..\Artware.DAL\Artware.DAL.csproj", "{EBF63165-95FE-4ED7-90C4-AE468D6CCCEE}"
EndProject
Project("{2150E333-8FDC-42A3-9474-1A3956D46DE8}") = "BLL", "BLL", "{227FC1FB-F71E-4A52-8468-8BC191EE2F8F}"
EndProject
Project("{2150E333-8FDC-42A3-9474-1A3956D46DE8}") = "DAL", "DAL", "{4096EF75-2C5C-4DDA-955C-C18C0E4E4D10}"
EndProject
Project("{2150E333-8FDC-42A3-9474-1A3956D46DE8}") = "Model", "Model", "{8C6ECF75-26D8-4D53-8E8C-2E27F38D9EE2}"
EndProject
Project("{FAE04EC0-301F-11D3-BF4B-00C04F79EFBC}") = "Artware.IDAL", "..\IDAL\Artware.IDAL.csproj", "{2258F7BC-A9A3-4D93-A777-C96113F82497}"
EndProject
Project("{FAE04EC0-301F-11D3-BF4B-00C04F79EFBC}") = "Artware.IBLL", "..\Artware.IBLL\Artware.IBLL.csproj", "{8B7ADE99-22BC-460E-A6AF-DB46C1CEAB4F}"
EndProject
Global
	GlobalSection(SolutionConfigurationPlatforms) = preSolution
		Debug|Any CPU = Debug|Any CPU
		Release|Any CPU = Release|Any CPU
	EndGlobalSection
	GlobalSection(ProjectConfigurationPlatforms) = postSolution
		{8EA95C18-8E99-4314-AC3B-5BF065A4428A}.Debug|Any CPU.ActiveCfg = Debug|Any CPU
		{8EA95C18-8E99-4314-AC3B-5BF065A4428A}.Debug|Any CPU.Build.0 = Debug|Any CPU
		{8EA95C18-8E99-4314-AC3B-5BF065A4428A}.Release|Any CPU.ActiveCfg = Release|Any CPU
		{8EA95C18-8E99-4314-AC3B-5BF065A4428A}.Release|Any CPU.Build.0 = Release|Any CPU
		{B0D04B2C-88E7-4990-9694-CC4ADABC11B3}.Debug|Any CPU.ActiveCfg = Debug|Any CPU
		{B0D04B2C-88E7-4990-9694-CC4ADABC11B3}.Debug|Any CPU.Build.0 = Debug|Any CPU
		{B0D04B2C-88E7-4990-9694-CC4ADABC11B3}.Release|Any CPU.ActiveCfg = Release|Any CPU
		{B0D04B2C-88E7-4990-9694-CC4ADABC11B3}.Release|Any CPU.Build.0 = Release|Any CPU
		{FD015346-2CEA-419B-9DB4-48D2B9F6A9F8}.Debug|Any CPU.ActiveCfg = Debug|Any CPU
		{FD015346-2CEA-419B-9DB4-48D2B9F6A9F8}.Debug|Any CPU.Build.0 = Debug|Any CPU
		{FD015346-2CEA-419B-9DB4-48D2B9F6A9F8}.Release|Any CPU.ActiveCfg = Release|Any CPU
		{FD015346-2CEA-419B-9DB4-48D2B9F6A9F8}.Release|Any CPU.Build.0 = Release|Any CPU
		{EBF63165-95FE-4ED7-90C4-AE468D6CCCEE}.Debug|Any CPU.ActiveCfg = Debug|Any CPU
		{EBF63165-95FE-4ED7-90C4-AE468D6CCCEE}.Debug|Any CPU.Build.0 = Debug|Any CPU
		{EBF63165-95FE-4ED7-90C4-AE468D6CCCEE}.Release|Any CPU.ActiveCfg = Release|Any CPU
		{EBF63165-95FE-4ED7-90C4-AE468D6CCCEE}.Release|Any CPU.Build.0 = Release|Any CPU
		{2258F7BC-A9A3-4D93-A777-C96113F82497}.Debug|Any CPU.ActiveCfg = Debug|Any CPU
		{2258F7BC-A9A3-4D93-A777-C96113F82497}.Debug|Any CPU.Build.0 = Debug|Any CPU
		{2258F7BC-A9A3-4D93-A777-C96113F82497}.Release|Any CPU.ActiveCfg = Release|Any CPU
		{2258F7BC-A9A3-4D93-A777-C96113F82497}.Release|Any CPU.Build.0 = Release|Any CPU
		{8B7ADE99-22BC-460E-A6AF-DB46C1CEAB4F}.Debug|Any CPU.ActiveCfg = Debug|Any CPU
		{8B7ADE99-22BC-460E-A6AF-DB46C1CEAB4F}.Debug|Any CPU.Build.0 = Debug|Any CPU
		{8B7ADE99-22BC-460E-A6AF-DB46C1CEAB4F}.Release|Any CPU.ActiveCfg = Release|Any CPU
		{8B7ADE99-22BC-460E-A6AF-DB46C1CEAB4F}.Release|Any CPU.Build.0 = Release|Any CPU
	EndGlobalSection
	GlobalSection(SolutionProperties) = preSolution
		HideSolutionNode = FALSE
	EndGlobalSection
	GlobalSection(NestedProjects) = preSolution
		{B0D04B2C-88E7-4990-9694-CC4ADABC11B3} = {8C6ECF75-26D8-4D53-8E8C-2E27F38D9EE2}
		{FD015346-2CEA-419B-9DB4-48D2B9F6A9F8} = {227FC1FB-F71E-4A52-8468-8BC191EE2F8F}
		{EBF63165-95FE-4ED7-90C4-AE468D6CCCEE} = {4096EF75-2C5C-4DDA-955C-C18C0E4E4D10}
		{2258F7BC-A9A3-4D93-A777-C96113F82497} = {4096EF75-2C5C-4DDA-955C-C18C0E4E4D10}
		{8B7ADE99-22BC-460E-A6AF-DB46C1CEAB4F} = {227FC1FB-F71E-4A52-8468-8BC191EE2F8F}
	EndGlobalSection
	GlobalSection(ExtensibilityGlobals) = postSolution
		SolutionGuid = {2F52DD19-FC5B-4903-9CC0-744BE2DABEB2}
	EndGlobalSection
EndGlobal
